{
  "name": "cutiehack",
  "lockfileVersion": 3,
  "requires": true,
  "packages": {
    "": {
      "dependencies": {
        "talkjs": "^0.17.0"
      }
    },
    "node_modules/talkjs": {
      "version": "0.17.0",
      "resolved": "https://registry.npmjs.org/talkjs/-/talkjs-0.17.0.tgz",
      "integrity": "sha512-KNy7+D8/JPoWJzxOWP11MWTdEJ7N7ASOqIcvBq/CyqulbIoCH6oFBggyKpsttVy7lyNKiJNCco0osc401rVe4Q=="
    }
  }
}
